// !$*UTF8*$!
{
	archiveVersion = 1;
	classes = {
	};
	objectVersion = 55;
	objects = {

/* Begin PBXBuildFile section */
		FB530BB428C6963A00A7EC4A /* EmojiArtApp.swift in Sources */ = {isa = PBXBuildFile; fileRef = FB530BB328C6963A00A7EC4A /* EmojiArtApp.swift */; };
		FB530BB628C6963A00A7EC4A /* EmojiArtDocument.swift in Sources */ = {isa = PBXBuildFile; fileRef = FB530BB528C6963A00A7EC4A /* EmojiArtDocument.swift */; };
		FB530BB828C6963A00A7EC4A /* EmojiArtDocumentView.swift in Sources */ = {isa = PBXBuildFile; fileRef = FB530BB728C6963A00A7EC4A /* EmojiArtDocumentView.swift */; };
		FB530BBA28C6963C00A7EC4A /* Assets.xcassets in Resources */ = {isa = PBXBuildFile; fileRef = FB530BB928C6963C00A7EC4A /* Assets.xcassets */; };
		FB530BBD28C6963C00A7EC4A /* Preview Assets.xcassets in Resources */ = {isa = PBXBuildFile; fileRef = FB530BBC28C6963C00A7EC4A /* Preview Assets.xcassets */; };
		FB530BC528C696DF00A7EC4A /* EmojiArtModel.swift in Sources */ = {isa = PBXBuildFile; fileRef = FB530BC428C696DF00A7EC4A /* EmojiArtModel.swift */; };
		FB530BC728C6991D00A7EC4A /* EmojiArtModel.Background.swift in Sources */ = {isa = PBXBuildFile; fileRef = FB530BC628C6991D00A7EC4A /* EmojiArtModel.Background.swift */; };
		FB530BCA28C69F0100A7EC4A /* UtilityViews.swift in Sources */ = {isa = PBXBuildFile; fileRef = FB530BC828C69F0100A7EC4A /* UtilityViews.swift */; };
		FB530BCB28C69F0100A7EC4A /* UtilityExtensions.swift in Sources */ = {isa = PBXBuildFile; fileRef = FB530BC928C69F0100A7EC4A /* UtilityExtensions.swift */; };
		FB530BCD28C87C3B00A7EC4A /* AnimatableFontSize.swift in Sources */ = {isa = PBXBuildFile; fileRef = FB530BCC28C87C3A00A7EC4A /* AnimatableFontSize.swift */; };
		FB530BCF28C9BC4A00A7EC4A /* PaletteStore.swift in Sources */ = {isa = PBXBuildFile; fileRef = FB530BCE28C9BC4900A7EC4A /* PaletteStore.swift */; };
		FB530BD128CC312A00A7EC4A /* PaletteChooser.swift in Sources */ = {isa = PBXBuildFile; fileRef = FB530BD028CC312900A7EC4A /* PaletteChooser.swift */; };
		FB530BD328CC379100A7EC4A /* PaletteEditor.swift in Sources */ = {isa = PBXBuildFile; fileRef = FB530BD228CC379100A7EC4A /* PaletteEditor.swift */; };
		FB530BD528CC411300A7EC4A /* PaletteManger.swift in Sources */ = {isa = PBXBuildFile; fileRef = FB530BD428CC411300A7EC4A /* PaletteManger.swift */; };
		FBFB1DFF28DA2941009E927E /* Camera.swift in Sources */ = {isa = PBXBuildFile; fileRef = FBFB1DFE28DA2941009E927E /* Camera.swift */; };
		FBFB1E0128DA2E83009E927E /* PhotoLibrary.swift in Sources */ = {isa = PBXBuildFile; fileRef = FBFB1E0028DA2E83009E927E /* PhotoLibrary.swift */; };
/* End PBXBuildFile section */

/* Begin PBXFileReference section */
		FB530BB028C6963A00A7EC4A /* EmojiArt.app */ = {isa = PBXFileReference; explicitFileType = wrapper.application; includeInIndex = 0; path = EmojiArt.app; sourceTree = BUILT_PRODUCTS_DIR; };
		FB530BB328C6963A00A7EC4A /* EmojiArtApp.swift */ = {isa = PBXFileReference; lastKnownFileType = sourcecode.swift; path = EmojiArtApp.swift; sourceTree = "<group>"; };
		FB530BB528C6963A00A7EC4A /* EmojiArtDocument.swift */ = {isa = PBXFileReference; lastKnownFileType = sourcecode.swift; path = EmojiArtDocument.swift; sourceTree = "<group>"; };
		FB530BB728C6963A00A7EC4A /* EmojiArtDocumentView.swift */ = {isa = PBXFileReference; lastKnownFileType = sourcecode.swift; path = EmojiArtDocumentView.swift; sourceTree = "<group>"; };
		FB530BB928C6963C00A7EC4A /* Assets.xcassets */ = {isa = PBXFileReference; lastKnownFileType = folder.assetcatalog; path = Assets.xcassets; sourceTree = "<group>"; };
		FB530BBC28C6963C00A7EC4A /* Preview Assets.xcassets */ = {isa = PBXFileReference; lastKnownFileType = folder.assetcatalog; path = "Preview Assets.xcassets"; sourceTree = "<group>"; };
		FB530BBE28C6963C00A7EC4A /* Info.plist */ = {isa = PBXFileReference; lastKnownFileType = text.plist.xml; path = Info.plist; sourceTree = "<group>"; };
		FB530BC428C696DF00A7EC4A /* EmojiArtModel.swift */ = {isa = PBXFileReference; lastKnownFileType = sourcecode.swift; path = EmojiArtModel.swift; sourceTree = "<group>"; };
		FB530BC628C6991D00A7EC4A /* EmojiArtModel.Background.swift */ = {isa = PBXFileReference; lastKnownFileType = sourcecode.swift; path = EmojiArtModel.Background.swift; sourceTree = "<group>"; };
		FB530BC828C69F0100A7EC4A /* UtilityViews.swift */ = {isa = PBXFileReference; fileEncoding = 4; lastKnownFileType = sourcecode.swift; path = UtilityViews.swift; sourceTree = "<group>"; };
		FB530BC928C69F0100A7EC4A /* UtilityExtensions.swift */ = {isa = PBXFileReference; fileEncoding = 4; lastKnownFileType = sourcecode.swift; path = UtilityExtensions.swift; sourceTree = "<group>"; };
		FB530BCC28C87C3A00A7EC4A /* AnimatableFontSize.swift */ = {isa = PBXFileReference; lastKnownFileType = sourcecode.swift; path = AnimatableFontSize.swift; sourceTree = "<group>"; };
		FB530BCE28C9BC4900A7EC4A /* PaletteStore.swift */ = {isa = PBXFileReference; lastKnownFileType = sourcecode.swift; path = PaletteStore.swift; sourceTree = "<group>"; };
		FB530BD028CC312900A7EC4A /* PaletteChooser.swift */ = {isa = PBXFileReference; lastKnownFileType = sourcecode.swift; path = PaletteChooser.swift; sourceTree = "<group>"; };
		FB530BD228CC379100A7EC4A /* PaletteEditor.swift */ = {isa = PBXFileReference; lastKnownFileType = sourcecode.swift; path = PaletteEditor.swift; sourceTree = "<group>"; };
		FB530BD428CC411300A7EC4A /* PaletteManger.swift */ = {isa = PBXFileReference; lastKnownFileType = sourcecode.swift; path = PaletteManger.swift; sourceTree = "<group>"; };
		FBFB1DFE28DA2941009E927E /* Camera.swift */ = {isa = PBXFileReference; lastKnownFileType = sourcecode.swift; path = Camera.swift; sourceTree = "<group>"; };
		FBFB1E0028DA2E83009E927E /* PhotoLibrary.swift */ = {isa = PBXFileReference; lastKnownFileType = sourcecode.swift; path = PhotoLibrary.swift; sourceTree = "<group>"; };
/* End PBXFileReference section */

/* Begin PBXFrameworksBuildPhase section */
		FB530BAD28C6963A00A7EC4A /* Frameworks */ = {
			isa = PBXFrameworksBuildPhase;
			buildActionMask = 2147483647;
			files = (
			);
			runOnlyForDeploymentPostprocessing = 0;
		};
/* End PBXFrameworksBuildPhase section */

/* Begin PBXGroup section */
		FB530BA728C6963900A7EC4A = {
			isa = PBXGroup;
			children = (
				FB530BB228C6963A00A7EC4A /* EmojiArt */,
				FB530BB128C6963A00A7EC4A /* Products */,
			);
			sourceTree = "<group>";
		};
		FB530BB128C6963A00A7EC4A /* Products */ = {
			isa = PBXGroup;
			children = (
				FB530BB028C6963A00A7EC4A /* EmojiArt.app */,
			);
			name = Products;
			sourceTree = "<group>";
		};
		FB530BB228C6963A00A7EC4A /* EmojiArt */ = {
			isa = PBXGroup;
			children = (
				FB530BCC28C87C3A00A7EC4A /* AnimatableFontSize.swift */,
				FB530BC428C696DF00A7EC4A /* EmojiArtModel.swift */,
				FB530BC628C6991D00A7EC4A /* EmojiArtModel.Background.swift */,
				FB530BB328C6963A00A7EC4A /* EmojiArtApp.swift */,
				FB530BB528C6963A00A7EC4A /* EmojiArtDocument.swift */,
				FB530BCE28C9BC4900A7EC4A /* PaletteStore.swift */,
				FB530BB728C6963A00A7EC4A /* EmojiArtDocumentView.swift */,
				FBFB1E0028DA2E83009E927E /* PhotoLibrary.swift */,
				FBFB1DFE28DA2941009E927E /* Camera.swift */,
				FB530BD028CC312900A7EC4A /* PaletteChooser.swift */,
				FB530BD228CC379100A7EC4A /* PaletteEditor.swift */,
				FB530BD428CC411300A7EC4A /* PaletteManger.swift */,
				FB530BC928C69F0100A7EC4A /* UtilityExtensions.swift */,
				FB530BC828C69F0100A7EC4A /* UtilityViews.swift */,
				FB530BB928C6963C00A7EC4A /* Assets.xcassets */,
				FB530BBE28C6963C00A7EC4A /* Info.plist */,
				FB530BBB28C6963C00A7EC4A /* Preview Content */,
			);
			path = EmojiArt;
			sourceTree = "<group>";
		};
		FB530BBB28C6963C00A7EC4A /* Preview Content */ = {
			isa = PBXGroup;
			children = (
				FB530BBC28C6963C00A7EC4A /* Preview Assets.xcassets */,
			);
			path = "Preview Content";
			sourceTree = "<group>";
		};
/* End PBXGroup section */

/* Begin PBXNativeTarget section */
		FB530BAF28C6963A00A7EC4A /* EmojiArt */ = {
			isa = PBXNativeTarget;
			buildConfigurationList = FB530BC128C6963C00A7EC4A /* Build configuration list for PBXNativeTarget "EmojiArt" */;
			buildPhases = (
				FB530BAC28C6963A00A7EC4A /* Sources */,
				FB530BAD28C6963A00A7EC4A /* Frameworks */,
				FB530BAE28C6963A00A7EC4A /* Resources */,
			);
			buildRules = (
			);
			dependencies = (
			);
			name = EmojiArt;
			productName = EmojiArt;
			productReference = FB530BB028C6963A00A7EC4A /* EmojiArt.app */;
			productType = "com.apple.product-type.application";
		};
/* End PBXNativeTarget section */

/* Begin PBXProject section */
		FB530BA828C6963900A7EC4A /* Project object */ = {
			isa = PBXProject;
			attributes = {
				BuildIndependentTargetsInParallel = 1;
				LastSwiftUpdateCheck = 1340;
				LastUpgradeCheck = 1340;
				TargetAttributes = {
					FB530BAF28C6963A00A7EC4A = {
						CreatedOnToolsVersion = 13.4.1;
					};
				};
			};
			buildConfigurationList = FB530BAB28C6963900A7EC4A /* Build configuration list for PBXProject "EmojiArt" */;
			compatibilityVersion = "Xcode 13.0";
			developmentRegion = en;
			hasScannedForEncodings = 0;
			knownRegions = (
				en,
				Base,
			);
			mainGroup = FB530BA728C6963900A7EC4A;
			productRefGroup = FB530BB128C6963A00A7EC4A /* Products */;
			projectDirPath = "";
			projectRoot = "";
			targets = (
				FB530BAF28C6963A00A7EC4A /* EmojiArt */,
			);
		};
/* End PBXProject section */

/* Begin PBXResourcesBuildPhase section */
		FB530BAE28C6963A00A7EC4A /* Resources */ = {
			isa = PBXResourcesBuildPhase;
			buildActionMask = 2147483647;
			files = (
				FB530BBD28C6963C00A7EC4A /* Preview Assets.xcassets in Resources */,
				FB530BBA28C6963C00A7EC4A /* Assets.xcassets in Resources */,
			);
			runOnlyForDeploymentPostprocessing = 0;
		};
/* End PBXResourcesBuildPhase section */

/* Begin PBXSourcesBuildPhase section */
		FB530BAC28C6963A00A7EC4A /* Sources */ = {
			isa = PBXSourcesBuildPhase;
			buildActionMask = 2147483647;
			files = (
				FB530BB428C6963A00A7EC4A /* EmojiArtApp.swift in Sources */,
				FB530BB628C6963A00A7EC4A /* EmojiArtDocument.swift in Sources */,
				FB530BC528C696DF00A7EC4A /* EmojiArtModel.swift in Sources */,
				FB530BD528CC411300A7EC4A /* PaletteManger.swift in Sources */,
				FBFB1E0128DA2E83009E927E /* PhotoLibrary.swift in Sources */,
				FB530BCD28C87C3B00A7EC4A /* AnimatableFontSize.swift in Sources */,
				FB530BCF28C9BC4A00A7EC4A /* PaletteStore.swift in Sources */,
				FB530BCB28C69F0100A7EC4A /* UtilityExtensions.swift in Sources */,
				FB530BD328CC379100A7EC4A /* PaletteEditor.swift in Sources */,
				FB530BB828C6963A00A7EC4A /* EmojiArtDocumentView.swift in Sources */,
				FB530BC728C6991D00A7EC4A /* EmojiArtModel.Background.swift in Sources */,
				FBFB1DFF28DA2941009E927E /* Camera.swift in Sources */,
				FB530BCA28C69F0100A7EC4A /* UtilityViews.swift in Sources */,
				FB530BD128CC312A00A7EC4A /* PaletteChooser.swift in Sources */,
			);
			runOnlyForDeploymentPostprocessing = 0;
		};
/* End PBXSourcesBuildPhase section */

/* Begin XCBuildConfiguration section */
		FB530BBF28C6963C00A7EC4A /* Debug */ = {
			isa = XCBuildConfiguration;
			buildSettings = {
				ALWAYS_SEARCH_USER_PATHS = NO;
				CLANG_ANALYZER_NONNULL = YES;
				CLANG_ANALYZER_NUMBER_OBJECT_CONVERSION = YES_AGGRESSIVE;
				CLANG_CXX_LANGUAGE_STANDARD = "gnu++17";
				CLANG_ENABLE_MODULES = YES;
				CLANG_ENABLE_OBJC_ARC = YES;
				CLANG_ENABLE_OBJC_WEAK = YES;
				CLANG_WARN_BLOCK_CAPTURE_AUTORELEASING = YES;
				CLANG_WARN_BOOL_CONVERSION = YES;
				CLANG_WARN_COMMA = YES;
				CLANG_WARN_CONSTANT_CONVERSION = YES;
				CLANG_WARN_DEPRECATED_OBJC_IMPLEMENTATIONS = YES;
				CLANG_WARN_DIRECT_OBJC_ISA_USAGE = YES_ERROR;
				CLANG_WARN_DOCUMENTATION_COMMENTS = YES;
				CLANG_WARN_EMPTY_BODY = YES;
				CLANG_WARN_ENUM_CONVERSION = YES;
				CLANG_WARN_INFINITE_RECURSION = YES;
				CLANG_WARN_INT_CONVERSION = YES;
				CLANG_WARN_NON_LITERAL_NULL_CONVERSION = YES;
				CLANG_WARN_OBJC_IMPLICIT_RETAIN_SELF = YES;
				CLANG_WARN_OBJC_LITERAL_CONVERSION = YES;
				CLANG_WARN_OBJC_ROOT_CLASS = YES_ERROR;
				CLANG_WARN_QUOTED_INCLUDE_IN_FRAMEWORK_HEADER = YES;
				CLANG_WARN_RANGE_LOOP_ANALYSIS = YES;
				CLANG_WARN_STRICT_PROTOTYPES = YES;
				CLANG_WARN_SUSPICIOUS_MOVE = YES;
				CLANG_WARN_UNGUARDED_AVAILABILITY = YES_AGGRESSIVE;
				CLANG_WARN_UNREACHABLE_CODE = YES;
				CLANG_WARN__DUPLICATE_METHOD_MATCH = YES;
				COPY_PHASE_STRIP = NO;
				DEBUG_INFORMATION_FORMAT = dwarf;
				ENABLE_STRICT_OBJC_MSGSEND = YES;
				ENABLE_TESTABILITY = YES;
				GCC_C_LANGUAGE_STANDARD = gnu11;
				GCC_DYNAMIC_NO_PIC = NO;
				GCC_NO_COMMON_BLOCKS = YES;
				GCC_OPTIMIZATION_LEVEL = 0;
				GCC_PREPROCESSOR_DEFINITIONS = (
					"DEBUG=1",
					"$(inherited)",
				);
				GCC_WARN_64_TO_32_BIT_CONVERSION = YES;
				GCC_WARN_ABOUT_RETURN_TYPE = YES_ERROR;
				GCC_WARN_UNDECLARED_SELECTOR = YES;
				GCC_WARN_UNINITIALIZED_AUTOS = YES_AGGRESSIVE;
				GCC_WARN_UNUSED_FUNCTION = YES;
				GCC_WARN_UNUSED_VARIABLE = YES;
				IPHONEOS_DEPLOYMENT_TARGET = 15.5;
				MTL_ENABLE_DEBUG_INFO = INCLUDE_SOURCE;
				MTL_FAST_MATH = YES;
				ONLY_ACTIVE_ARCH = YES;
				SDKROOT = iphoneos;
				SWIFT_ACTIVE_COMPILATION_CONDITIONS = DEBUG;
				SWIFT_OPTIMIZATION_LEVEL = "-Onone";
			};
			name = Debug;
		};
		FB530BC028C6963C00A7EC4A /* Release */ = {
			isa = XCBuildConfiguration;
			buildSettings = {
				ALWAYS_SEARCH_USER_PATHS = NO;
				CLANG_ANALYZER_NONNULL = YES;
				CLANG_ANALYZER_NUMBER_OBJECT_CONVERSION = YES_AGGRESSIVE;
				CLANG_CXX_LANGUAGE_STANDARD = "gnu++17";
				CLANG_ENABLE_MODULES = YES;
				CLANG_ENABLE_OBJC_ARC = YES;
				CLANG_ENABLE_OBJC_WEAK = YES;
				CLANG_WARN_BLOCK_CAPTURE_AUTORELEASING = YES;
				CLANG_WARN_BOOL_CONVERSION = YES;
				CLANG_WARN_COMMA = YES;
				CLANG_WARN_CONSTANT_CONVERSION = YES;
				CLANG_WARN_DEPRECATED_OBJC_IMPLEMENTATIONS = YES;
				CLANG_WARN_DIRECT_OBJC_ISA_USAGE = YES_ERROR;
				CLANG_WARN_DOCUMENTATION_COMMENTS = YES;
				CLANG_WARN_EMPTY_BODY = YES;
				CLANG_WARN_ENUM_CONVERSION = YES;
				CLANG_WARN_INFINITE_RECURSION = YES;
				CLANG_WARN_INT_CONVERSION = YES;
				CLANG_WARN_NON_LITERAL_NULL_CONVERSION = YES;
				CLANG_WARN_OBJC_IMPLICIT_RETAIN_SELF = YES;
				CLANG_WARN_OBJC_LITERAL_CONVERSION = YES;
				CLANG_WARN_OBJC_ROOT_CLASS = YES_ERROR;
				CLANG_WARN_QUOTED_INCLUDE_IN_FRAMEWORK_HEADER = YES;
				CLANG_WARN_RANGE_LOOP_ANALYSIS = YES;
				CLANG_WARN_STRICT_PROTOTYPES = YES;
				CLANG_WARN_SUSPICIOUS_MOVE = YES;
				CLANG_WARN_UNGUARDED_AVAILABILITY = YES_AGGRESSIVE;
				CLANG_WARN_UNREACHABLE_CODE = YES;
				CLANG_WARN__DUPLICATE_METHOD_MATCH = YES;
				COPY_PHASE_STRIP = NO;
				DEBUG_INFORMATION_FORMAT = "dwarf-with-dsym";
				ENABLE_NS_ASSERTIONS = NO;
				ENABLE_STRICT_OBJC_MSGSEND = YES;
				GCC_C_LANGUAGE_STANDARD = gnu11;
				GCC_NO_COMMON_BLOCKS = YES;
				GCC_WARN_64_TO_32_BIT_CONVERSION = YES;
				GCC_WARN_ABOUT_RETURN_TYPE = YES_ERROR;
				GCC_WARN_UNDECLARED_SELECTOR = YES;
				GCC_WARN_UNINITIALIZED_AUTOS = YES_AGGRESSIVE;
				GCC_WARN_UNUSED_FUNCTION = YES;
				GCC_WARN_UNUSED_VARIABLE = YES;
				IPHONEOS_DEPLOYMENT_TARGET = 15.5;
				MTL_ENABLE_DEBUG_INFO = NO;
				MTL_FAST_MATH = YES;
				SDKROOT = iphoneos;
				SWIFT_COMPILATION_MODE = wholemodule;
				SWIFT_OPTIMIZATION_LEVEL = "-O";
				VALIDATE_PRODUCT = YES;
			};
			name = Release;
		};
		FB530BC228C6963C00A7EC4A /* Debug */ = {
			isa = XCBuildConfiguration;
			buildSettings = {
				ASSETCATALOG_COMPILER_APPICON_NAME = AppIcon;
				ASSETCATALOG_COMPILER_GLOBAL_ACCENT_COLOR_NAME = AccentColor;
				CODE_SIGN_STYLE = Automatic;
				CURRENT_PROJECT_VERSION = 1;
				DEVELOPMENT_ASSET_PATHS = "\"EmojiArt/Preview Content\"";
				DEVELOPMENT_TEAM = C52SB9A5U8;
				ENABLE_PREVIEWS = YES;
				GENERATE_INFOPLIST_FILE = YES;
				INFOPLIST_FILE = EmojiArt/Info.plist;
				INFOPLIST_KEY_UIApplicationSceneManifest_Generation = YES;
				INFOPLIST_KEY_UIApplicationSupportsIndirectInputEvents = YES;
				INFOPLIST_KEY_UILaunchScreen_Generation = YES;
				INFOPLIST_KEY_UISupportedInterfaceOrientations_iPad = "UIInterfaceOrientationPortrait UIInterfaceOrientationPortraitUpsideDown UIInterfaceOrientationLandscapeLeft UIInterfaceOrientationLandscapeRight";
				INFOPLIST_KEY_UISupportedInterfaceOrientations_iPhone = "UIInterfaceOrientationPortrait UIInterfaceOrientationLandscapeLeft UIInterfaceOrientationLandscapeRight";
				INFOPLIST_KEY_UISupportsDocumentBrowser = YES;
				IPHONEOS_DEPLOYMENT_TARGET = 15.0;
				LD_RUNPATH_SEARCH_PATHS = (
					"$(inherited)",
					"@executable_path/Frameworks",
				);
				MARKETING_VERSION = 1.0;
				PRODUCT_BUNDLE_IDENTIFIER = edu.carleton.petertu.EmojiArt;
				PRODUCT_NAME = "$(TARGET_NAME)";
				SWIFT_EMIT_LOC_STRINGS = YES;
				SWIFT_VERSION = 5.0;
				TARGETED_DEVICE_FAMILY = "1,2";
			};
			name = Debug;
		};
		FB530BC328C6963C00A7EC4A /* Release */ = {
			isa = XCBuildConfiguration;
			buildSettings = {
				ASSETCATALOG_COMPILER_APPICON_NAME = AppIcon;
				ASSETCATALOG_COMPILER_GLOBAL_ACCENT_COLOR_NAME = AccentColor;
				CODE_SIGN_STYLE = Automatic;
				CURRENT_PROJECT_VERSION = 1;
				DEVELOPMENT_ASSET_PATHS = "\"EmojiArt/Preview Content\"";
				DEVELOPMENT_TEAM = C52SB9A5U8;
				ENABLE_PREVIEWS = YES;
				GENERATE_INFOPLIST_FILE = YES;
				INFOPLIST_FILE = EmojiArt/Info.plist;
				INFOPLIST_KEY_UIApplicationSceneManifest_Generation = YES;
				INFOPLIST_KEY_UIApplicationSupportsIndirectInputEvents = YES;
				INFOPLIST_KEY_UILaunchScreen_Generation = YES;
				INFOPLIST_KEY_UISupportedInterfaceOrientations_iPad = "UIInterfaceOrientationPortrait UIInterfaceOrientationPortraitUpsideDown UIInterfaceOrientationLandscapeLeft UIInterfaceOrientationLandscapeRight";
				INFOPLIST_KEY_UISupportedInterfaceOrientations_iPhone = "UIInterfaceOrientationPortrait UIInterfaceOrientationLandscapeLeft UIInterfaceOrientationLandscapeRight";
				INFOPLIST_KEY_UISupportsDocumentBrowser = YES;
				IPHONEOS_DEPLOYMENT_TARGET = 15.0;
				LD_RUNPATH_SEARCH_PATHS = (
					"$(inherited)",
					"@executable_path/Frameworks",
				);
				MARKETING_VERSION = 1.0;
				PRODUCT_BUNDLE_IDENTIFIER = edu.carleton.petertu.EmojiArt;
				PRODUCT_NAME = "$(TARGET_NAME)";
				SWIFT_EMIT_LOC_STRINGS = YES;
				SWIFT_VERSION = 5.0;
				TARGETED_DEVICE_FAMILY = "1,2";
			};
			name = Release;
		};
/* End XCBuildConfiguration section */

/* Begin XCConfigurationList section */
		FB530BAB28C6963900A7EC4A /* Build configuration list for PBXProject "EmojiArt" */ = {
			isa = XCConfigurationList;
			buildConfigurations = (
				FB530BBF28C6963C00A7EC4A /* Debug */,
				FB530BC028C6963C00A7EC4A /* Release */,
			);
			defaultConfigurationIsVisible = 0;
			defaultConfigurationName = Release;
		};
		FB530BC128C6963C00A7EC4A /* Build configuration list for PBXNativeTarget "EmojiArt" */ = {
			isa = XCConfigurationList;
			buildConfigurations = (
				FB530BC228C6963C00A7EC4A /* Debug */,
				FB530BC328C6963C00A7EC4A /* Release */,
			);
			defaultConfigurationIsVisible = 0;
			defaultConfigurationName = Release;
		};
/* End XCConfigurationList section */
	};
	rootObject = FB530BA828C6963900A7EC4A /* Project object */;
}
